
Microsoft Visual Studio Solution File, Format Version 12.00
# Visual Studio 15
VisualStudioVersion = 15.0.28307.1705
MinimumVisualStudioVersion = 10.0.40219.1
Project("{FAE04EC0-301F-11D3-BF4B-00C04F79EFBC}") = "GuidoPreite.DRB", "GuidoPreite.DRB\GuidoPreite.DRB.csproj", "{62E94E2D-7BCF-4978-B3D8-7F961F8E7DD5}"
EndProject
Global
	GlobalSection(SolutionConfigurationPlatforms) = preSolution
		Debug|Any CPU = Debug|Any CPU
		Release|Any CPU = Release|Any CPU
	EndGlobalSection
	GlobalSection(ProjectConfigurationPlatforms) = postSolution
		{62E94E2D-7BCF-4978-B3D8-7F961F8E7DD5}.Debug|Any CPU.ActiveCfg = Debug|Any CPU
		{62E94E2D-7BCF-4978-B3D8-7F961F8E7DD5}.Debug|Any CPU.Build.0 = Debug|Any CPU
		{62E94E2D-7BCF-4978-B3D8-7F961F8E7DD5}.Release|Any CPU.ActiveCfg = Release|Any CPU
		{62E94E2D-7BCF-4978-B3D8-7F961F8E7DD5}.Release|Any CPU.Build.0 = Release|Any CPU
	EndGlobalSection
	GlobalSection(SolutionProperties) = preSolution
		HideSolutionNode = FALSE
	EndGlobalSection
	GlobalSection(ExtensibilityGlobals) = postSolution
		SolutionGuid = {9D57E6CF-1A84-444F-8A38-27FED1620F97}
	EndGlobalSection
EndGlobal
